
Microsoft Visual Studio Solution File, Format Version 12.00
# Visual Studio Version 16
VisualStudioVersion = 16.0.30011.22
MinimumVisualStudioVersion = 10.0.40219.1
Project("{FAE04EC0-301F-11D3-BF4B-00C04F79EFBC}") = "Domain", "Domain\Domain.csproj", "{C8CF808A-ECD8-4893-8C79-9F3F7FEF9798}"
EndProject
Project("{FAE04EC0-301F-11D3-BF4B-00C04F79EFBC}") = "Persistence", "Persistence\Persistence.csproj", "{DDE9D21F-2E8C-460C-BD31-F1570139E58C}"
EndProject
Project("{FAE04EC0-301F-11D3-BF4B-00C04F79EFBC}") = "Infrastructure", "Infrastructure\Infrastructure.csproj", "{C9E41F66-C445-44FD-8F40-F766EA3DB610}"
EndProject
Project("{FAE04EC0-301F-11D3-BF4B-00C04F79EFBC}") = "Application", "Application\Application.csproj", "{2577C9CA-B8AF-4B61-AFE6-B05BB4D2F16C}"
EndProject
Project("{FAE04EC0-301F-11D3-BF4B-00C04F79EFBC}") = "API", "API\API.csproj", "{293E4694-C224-4E82-B444-3A56E025DDA0}"
EndProject
Global
	GlobalSection(SolutionConfigurationPlatforms) = preSolution
		Debug|Any CPU = Debug|Any CPU
		Release|Any CPU = Release|Any CPU
	EndGlobalSection
	GlobalSection(ProjectConfigurationPlatforms) = postSolution
		{C8CF808A-ECD8-4893-8C79-9F3F7FEF9798}.Debug|Any CPU.ActiveCfg = Debug|Any CPU
		{C8CF808A-ECD8-4893-8C79-9F3F7FEF9798}.Debug|Any CPU.Build.0 = Debug|Any CPU
		{C8CF808A-ECD8-4893-8C79-9F3F7FEF9798}.Release|Any CPU.ActiveCfg = Release|Any CPU
		{C8CF808A-ECD8-4893-8C79-9F3F7FEF9798}.Release|Any CPU.Build.0 = Release|Any CPU
		{DDE9D21F-2E8C-460C-BD31-F1570139E58C}.Debug|Any CPU.ActiveCfg = Debug|Any CPU
		{DDE9D21F-2E8C-460C-BD31-F1570139E58C}.Debug|Any CPU.Build.0 = Debug|Any CPU
		{DDE9D21F-2E8C-460C-BD31-F1570139E58C}.Release|Any CPU.ActiveCfg = Release|Any CPU
		{DDE9D21F-2E8C-460C-BD31-F1570139E58C}.Release|Any CPU.Build.0 = Release|Any CPU
		{C9E41F66-C445-44FD-8F40-F766EA3DB610}.Debug|Any CPU.ActiveCfg = Debug|Any CPU
		{C9E41F66-C445-44FD-8F40-F766EA3DB610}.Debug|Any CPU.Build.0 = Debug|Any CPU
		{C9E41F66-C445-44FD-8F40-F766EA3DB610}.Release|Any CPU.ActiveCfg = Release|Any CPU
		{C9E41F66-C445-44FD-8F40-F766EA3DB610}.Release|Any CPU.Build.0 = Release|Any CPU
		{2577C9CA-B8AF-4B61-AFE6-B05BB4D2F16C}.Debug|Any CPU.ActiveCfg = Debug|Any CPU
		{2577C9CA-B8AF-4B61-AFE6-B05BB4D2F16C}.Debug|Any CPU.Build.0 = Debug|Any CPU
		{2577C9CA-B8AF-4B61-AFE6-B05BB4D2F16C}.Release|Any CPU.ActiveCfg = Release|Any CPU
		{2577C9CA-B8AF-4B61-AFE6-B05BB4D2F16C}.Release|Any CPU.Build.0 = Release|Any CPU
		{293E4694-C224-4E82-B444-3A56E025DDA0}.Debug|Any CPU.ActiveCfg = Debug|Any CPU
		{293E4694-C224-4E82-B444-3A56E025DDA0}.Debug|Any CPU.Build.0 = Debug|Any CPU
		{293E4694-C224-4E82-B444-3A56E025DDA0}.Release|Any CPU.ActiveCfg = Release|Any CPU
		{293E4694-C224-4E82-B444-3A56E025DDA0}.Release|Any CPU.Build.0 = Release|Any CPU
	EndGlobalSection
	GlobalSection(SolutionProperties) = preSolution
		HideSolutionNode = FALSE
	EndGlobalSection
	GlobalSection(ExtensibilityGlobals) = postSolution
		SolutionGuid = {1895DC35-8A5E-42BC-937C-63104F8615AD}
	EndGlobalSection
EndGlobal
